
Microsoft Visual Studio Solution File, Format Version 12.00
# Visual Studio Version 17
VisualStudioVersion = 17.1.32210.238
MinimumVisualStudioVersion = 10.0.40219.1
Project("{2150E333-8FDC-42A3-9474-1A3956D46DE8}") = "src", "src", "{2818266E-DAF7-4CB8-96AD-EFDA75835D95}"
EndProject
Project("{9A19103F-16F7-4668-BE54-9A1E7A4F7556}") = "JwtAuth.WebApi", "src\JwtAuth.WebApi\JwtAuth.WebApi.csproj", "{923139C6-E08A-4C23-B12B-A16E471AF3DB}"
EndProject
Project("{2150E333-8FDC-42A3-9474-1A3956D46DE8}") = "tests", "tests", "{EEABD8A4-1E29-42B0-A3F1-A29B328C2B76}"
EndProject
Project("{FAE04EC0-301F-11D3-BF4B-00C04F79EFBC}") = "JwtAuth.Services.Tests", "tests\JwtAuth.Services.Tests\JwtAuth.Services.Tests.csproj", "{5C08ADAB-A22B-4C93-89B7-F48483C791B2}"
EndProject
Global
	GlobalSection(SolutionConfigurationPlatforms) = preSolution
		Debug|Any CPU = Debug|Any CPU
		Release|Any CPU = Release|Any CPU
	EndGlobalSection
	GlobalSection(ProjectConfigurationPlatforms) = postSolution
		{923139C6-E08A-4C23-B12B-A16E471AF3DB}.Debug|Any CPU.ActiveCfg = Debug|Any CPU
		{923139C6-E08A-4C23-B12B-A16E471AF3DB}.Debug|Any CPU.Build.0 = Debug|Any CPU
		{923139C6-E08A-4C23-B12B-A16E471AF3DB}.Release|Any CPU.ActiveCfg = Release|Any CPU
		{923139C6-E08A-4C23-B12B-A16E471AF3DB}.Release|Any CPU.Build.0 = Release|Any CPU
		{5C08ADAB-A22B-4C93-89B7-F48483C791B2}.Debug|Any CPU.ActiveCfg = Debug|Any CPU
		{5C08ADAB-A22B-4C93-89B7-F48483C791B2}.Debug|Any CPU.Build.0 = Debug|Any CPU
		{5C08ADAB-A22B-4C93-89B7-F48483C791B2}.Release|Any CPU.ActiveCfg = Release|Any CPU
		{5C08ADAB-A22B-4C93-89B7-F48483C791B2}.Release|Any CPU.Build.0 = Release|Any CPU
	EndGlobalSection
	GlobalSection(SolutionProperties) = preSolution
		HideSolutionNode = FALSE
	EndGlobalSection
	GlobalSection(NestedProjects) = preSolution
		{923139C6-E08A-4C23-B12B-A16E471AF3DB} = {2818266E-DAF7-4CB8-96AD-EFDA75835D95}
		{5C08ADAB-A22B-4C93-89B7-F48483C791B2} = {EEABD8A4-1E29-42B0-A3F1-A29B328C2B76}
	EndGlobalSection
	GlobalSection(ExtensibilityGlobals) = postSolution
		SolutionGuid = {485A6FA3-7017-453F-89DD-3A794E338113}
	EndGlobalSection
EndGlobal
